
Microsoft Visual Studio Solution File, Format Version 12.00
# Visual Studio Version 16
VisualStudioVersion = 16.0.29306.81
MinimumVisualStudioVersion = 10.0.40219.1
Project("{FAE04EC0-301F-11D3-BF4B-00C04F79EFBC}") = "WebAPIcontas", "WebAPIcontas.csproj", "{C0E6B70D-F959-43CC-86B2-DEA238115F43}"
EndProject
Project("{FAE04EC0-301F-11D3-BF4B-00C04F79EFBC}") = "WebapiContasaReceber", "WebapiContasaReceber\WebapiContasaReceber.csproj", "{8E69AA5F-327E-492A-A2FC-F8E70BFBFDEB}"
EndProject
Global
	GlobalSection(SolutionConfigurationPlatforms) = preSolution
		Debug|Any CPU = Debug|Any CPU
		Release|Any CPU = Release|Any CPU
	EndGlobalSection
	GlobalSection(ProjectConfigurationPlatforms) = postSolution
		{C0E6B70D-F959-43CC-86B2-DEA238115F43}.Debug|Any CPU.ActiveCfg = Debug|Any CPU
		{C0E6B70D-F959-43CC-86B2-DEA238115F43}.Debug|Any CPU.Build.0 = Debug|Any CPU
		{C0E6B70D-F959-43CC-86B2-DEA238115F43}.Release|Any CPU.ActiveCfg = Release|Any CPU
		{C0E6B70D-F959-43CC-86B2-DEA238115F43}.Release|Any CPU.Build.0 = Release|Any CPU
		{8E69AA5F-327E-492A-A2FC-F8E70BFBFDEB}.Debug|Any CPU.ActiveCfg = Debug|Any CPU
		{8E69AA5F-327E-492A-A2FC-F8E70BFBFDEB}.Debug|Any CPU.Build.0 = Debug|Any CPU
		{8E69AA5F-327E-492A-A2FC-F8E70BFBFDEB}.Release|Any CPU.ActiveCfg = Release|Any CPU
		{8E69AA5F-327E-492A-A2FC-F8E70BFBFDEB}.Release|Any CPU.Build.0 = Release|Any CPU
	EndGlobalSection
	GlobalSection(SolutionProperties) = preSolution
		HideSolutionNode = FALSE
	EndGlobalSection
	GlobalSection(ExtensibilityGlobals) = postSolution
		SolutionGuid = {FB623956-D9D7-49FF-A14D-05DFE42F0B20}
	EndGlobalSection
EndGlobal
