
Microsoft Visual Studio Solution File, Format Version 12.00
# Visual Studio Version 16
VisualStudioVersion = 16.0.30002.166
MinimumVisualStudioVersion = 10.0.40219.1
Project("{9A19103F-16F7-4668-BE54-9A1E7A4F7556}") = "WebapiContas", "WebapiContas.csproj", "{69315969-F172-42A7-A466-44802E15908B}"
EndProject
Global
	GlobalSection(SolutionConfigurationPlatforms) = preSolution
		Debug|Any CPU = Debug|Any CPU
		Release|Any CPU = Release|Any CPU
	EndGlobalSection
	GlobalSection(ProjectConfigurationPlatforms) = postSolution
		{69315969-F172-42A7-A466-44802E15908B}.Debug|Any CPU.ActiveCfg = Debug|Any CPU
		{69315969-F172-42A7-A466-44802E15908B}.Debug|Any CPU.Build.0 = Debug|Any CPU
		{69315969-F172-42A7-A466-44802E15908B}.Release|Any CPU.ActiveCfg = Release|Any CPU
		{69315969-F172-42A7-A466-44802E15908B}.Release|Any CPU.Build.0 = Release|Any CPU
	EndGlobalSection
	GlobalSection(SolutionProperties) = preSolution
		HideSolutionNode = FALSE
	EndGlobalSection
	GlobalSection(ExtensibilityGlobals) = postSolution
		SolutionGuid = {847029AB-A166-4C8A-969D-EF689073BBA6}
	EndGlobalSection
EndGlobal
